
Microsoft Visual Studio Solution File, Format Version 12.00
# Visual Studio Version 17
VisualStudioVersion = 17.8.34525.116
MinimumVisualStudioVersion = 10.0.40219.1
Project("{FAE04EC0-301F-11D3-BF4B-00C04F79EFBC}") = "Client", "Client\Client.csproj", "{27C921D1-B06E-4BB6-B3B4-2B4C13DD745E}"
EndProject
Global
	GlobalSection(SolutionConfigurationPlatforms) = preSolution
		Debug|Any CPU = Debug|Any CPU
		Release|Any CPU = Release|Any CPU
	EndGlobalSection
	GlobalSection(ProjectConfigurationPlatforms) = postSolution
		{27C921D1-B06E-4BB6-B3B4-2B4C13DD745E}.Debug|Any CPU.ActiveCfg = Debug|Any CPU
		{27C921D1-B06E-4BB6-B3B4-2B4C13DD745E}.Debug|Any CPU.Build.0 = Debug|Any CPU
		{27C921D1-B06E-4BB6-B3B4-2B4C13DD745E}.Release|Any CPU.ActiveCfg = Release|Any CPU
		{27C921D1-B06E-4BB6-B3B4-2B4C13DD745E}.Release|Any CPU.Build.0 = Release|Any CPU
	EndGlobalSection
	GlobalSection(SolutionProperties) = preSolution
		HideSolutionNode = FALSE
	EndGlobalSection
	GlobalSection(ExtensibilityGlobals) = postSolution
		SolutionGuid = {508AF8DE-1B0C-4325-9887-1387EF40FC53}
	EndGlobalSection
EndGlobal
